# THIS IS AN AUTOGENERATED FILE. DO NOT EDIT THIS FILE DIRECTLY.
# yarn lockfile v1


vue-cli-plugin-tailwind@~2.2.18:
  version "2.2.18"
  resolved "https://registry.yarnpkg.com/vue-cli-plugin-tailwind/-/vue-cli-plugin-tailwind-2.2.18.tgz#24608cad73c2bf87a561242814e17ab70a7b7e95"
  integrity sha512-aPGUDbBYDcZ2VzeKz/Orqk2qy3Gr90fkIVx796NWz+j8mpldtK3pqj2XbanbWVtrRLBg5cxRA6wHwPj3WuscQQ==
